
Microsoft Visual Studio Solution File, Format Version 12.00
# Visual Studio Version 17
VisualStudioVersion = 17.14.36109.1 d17.14
MinimumVisualStudioVersion = 10.0.40219.1
Project("{FAE04EC0-301F-11D3-BF4B-00C04F79EFBC}") = "WebApp", "WebApp\WebApp.csproj", "{86147835-B52A-419F-8146-9C874979133E}"
EndProject
Global
	GlobalSection(SolutionConfigurationPlatforms) = preSolution
		Debug|Any CPU = Debug|Any CPU
		Release|Any CPU = Release|Any CPU
	EndGlobalSection
	GlobalSection(ProjectConfigurationPlatforms) = postSolution
		{86147835-B52A-419F-8146-9C874979133E}.Debug|Any CPU.ActiveCfg = Debug|Any CPU
		{86147835-B52A-419F-8146-9C874979133E}.Debug|Any CPU.Build.0 = Debug|Any CPU
		{86147835-B52A-419F-8146-9C874979133E}.Release|Any CPU.ActiveCfg = Release|Any CPU
		{86147835-B52A-419F-8146-9C874979133E}.Release|Any CPU.Build.0 = Release|Any CPU
	EndGlobalSection
	GlobalSection(SolutionProperties) = preSolution
		HideSolutionNode = FALSE
	EndGlobalSection
	GlobalSection(ExtensibilityGlobals) = postSolution
		SolutionGuid = {9C43D485-3B42-4ED8-B824-DF5BE4B1A9C1}
	EndGlobalSection
EndGlobal
